
Microsoft Visual Studio Solution File, Format Version 12.00
# Visual Studio Version 17
VisualStudioVersion = 17.0.32112.339
MinimumVisualStudioVersion = 10.0.40219.1
Project("{FAE04EC0-301F-11D3-BF4B-00C04F79EFBC}") = "FFU_Terra_Liberatio", "FFU_TL\FFU_Terra_Liberatio.csproj", "{8161A67C-B5BA-4FAA-BEA4-793D447B3B69}"
EndProject
Global
	GlobalSection(SolutionConfigurationPlatforms) = preSolution
		Debug|Any CPU = Debug|Any CPU
		DebugMM|Any CPU = DebugMM|Any CPU
		Release|Any CPU = Release|Any CPU
	EndGlobalSection
	GlobalSection(ProjectConfigurationPlatforms) = postSolution
		{8161A67C-B5BA-4FAA-BEA4-793D447B3B69}.Debug|Any CPU.ActiveCfg = Debug|Any CPU
		{8161A67C-B5BA-4FAA-BEA4-793D447B3B69}.Debug|Any CPU.Build.0 = Debug|Any CPU
		{8161A67C-B5BA-4FAA-BEA4-793D447B3B69}.DebugMM|Any CPU.ActiveCfg = DebugMM|Any CPU
		{8161A67C-B5BA-4FAA-BEA4-793D447B3B69}.DebugMM|Any CPU.Build.0 = DebugMM|Any CPU
		{8161A67C-B5BA-4FAA-BEA4-793D447B3B69}.Release|Any CPU.ActiveCfg = Release|Any CPU
		{8161A67C-B5BA-4FAA-BEA4-793D447B3B69}.Release|Any CPU.Build.0 = Release|Any CPU
	EndGlobalSection
	GlobalSection(SolutionProperties) = preSolution
		HideSolutionNode = FALSE
	EndGlobalSection
	GlobalSection(ExtensibilityGlobals) = postSolution
		SolutionGuid = {C9A85983-B88B-4737-9F7B-79A2850177BF}
	EndGlobalSection
EndGlobal
